
Microsoft Visual Studio Solution File, Format Version 12.00
# Visual Studio Version 17
VisualStudioVersion = 17.0.31903.59
MinimumVisualStudioVersion = 10.0.40219.1
Project("{FAE04EC0-301F-11D3-BF4B-00C04F79EFBC}") = "Calculadora", "Calculadora\Calculadora.csproj", "{A347A38E-12EB-433B-9D45-1182A1A5CDDE}"
EndProject
Project("{FAE04EC0-301F-11D3-BF4B-00C04F79EFBC}") = "CalculadoraTeste", "CalculadoraTeste\CalculadoraTeste.csproj", "{A152BA60-F1F2-42B8-83F1-925E8F339A98}"
EndProject
Global
	GlobalSection(SolutionConfigurationPlatforms) = preSolution
		Debug|Any CPU = Debug|Any CPU
		Release|Any CPU = Release|Any CPU
	EndGlobalSection
	GlobalSection(SolutionProperties) = preSolution
		HideSolutionNode = FALSE
	EndGlobalSection
	GlobalSection(ProjectConfigurationPlatforms) = postSolution
		{A347A38E-12EB-433B-9D45-1182A1A5CDDE}.Debug|Any CPU.ActiveCfg = Debug|Any CPU
		{A347A38E-12EB-433B-9D45-1182A1A5CDDE}.Debug|Any CPU.Build.0 = Debug|Any CPU
		{A347A38E-12EB-433B-9D45-1182A1A5CDDE}.Release|Any CPU.ActiveCfg = Release|Any CPU
		{A347A38E-12EB-433B-9D45-1182A1A5CDDE}.Release|Any CPU.Build.0 = Release|Any CPU
		{A152BA60-F1F2-42B8-83F1-925E8F339A98}.Debug|Any CPU.ActiveCfg = Debug|Any CPU
		{A152BA60-F1F2-42B8-83F1-925E8F339A98}.Debug|Any CPU.Build.0 = Debug|Any CPU
		{A152BA60-F1F2-42B8-83F1-925E8F339A98}.Release|Any CPU.ActiveCfg = Release|Any CPU
		{A152BA60-F1F2-42B8-83F1-925E8F339A98}.Release|Any CPU.Build.0 = Release|Any CPU
	EndGlobalSection
EndGlobal
